// !$*UTF8*$!
{
	archiveVersion = 1;
	classes = {
	};
	objectVersion = 50;
	objects = {

/* Begin PBXBuildFile section */
		F44FDCA520D7CD8B0085C589 /* AppDelegate.swift in Sources */ = {isa = PBXBuildFile; fileRef = F44FDCA420D7CD8B0085C589 /* AppDelegate.swift */; };
		F44FDCA720D7CD8B0085C589 /* ViewController.swift in Sources */ = {isa = PBXBuildFile; fileRef = F44FDCA620D7CD8B0085C589 /* ViewController.swift */; };
		F44FDCAA20D7CD8B0085C589 /* Main.storyboard in Resources */ = {isa = PBXBuildFile; fileRef = F44FDCA820D7CD8B0085C589 /* Main.storyboard */; };
		F44FDCAC20D7CD8D0085C589 /* Assets.xcassets in Resources */ = {isa = PBXBuildFile; fileRef = F44FDCAB20D7CD8D0085C589 /* Assets.xcassets */; };
		F44FDCAF20D7CD8D0085C589 /* LaunchScreen.storyboard in Resources */ = {isa = PBXBuildFile; fileRef = F44FDCAD20D7CD8D0085C589 /* LaunchScreen.storyboard */; };
		F44FDCB720D8F98E0085C589 /* Board.swift in Sources */ = {isa = PBXBuildFile; fileRef = F44FDCB620D8F98E0085C589 /* Board.swift */; };
		F44FDCB920D923970085C589 /* Player.swift in Sources */ = {isa = PBXBuildFile; fileRef = F44FDCB820D923970085C589 /* Player.swift */; };
		F4F9A97920DA5A370072DA01 /* Move.swift in Sources */ = {isa = PBXBuildFile; fileRef = F4F9A97820DA5A370072DA01 /* Move.swift */; };
/* End PBXBuildFile section */

/* Begin PBXFileReference section */
		F44FDCA120D7CD8B0085C589 /* Four in a Row.app */ = {isa = PBXFileReference; explicitFileType = wrapper.application; includeInIndex = 0; path = "Four in a Row.app"; sourceTree = BUILT_PRODUCTS_DIR; };
		F44FDCA420D7CD8B0085C589 /* AppDelegate.swift */ = {isa = PBXFileReference; lastKnownFileType = sourcecode.swift; path = AppDelegate.swift; sourceTree = "<group>"; };
		F44FDCA620D7CD8B0085C589 /* ViewController.swift */ = {isa = PBXFileReference; lastKnownFileType = sourcecode.swift; path = ViewController.swift; sourceTree = "<group>"; };
		F44FDCA920D7CD8B0085C589 /* Base */ = {isa = PBXFileReference; lastKnownFileType = file.storyboard; name = Base; path = Base.lproj/Main.storyboard; sourceTree = "<group>"; };
		F44FDCAB20D7CD8D0085C589 /* Assets.xcassets */ = {isa = PBXFileReference; lastKnownFileType = folder.assetcatalog; path = Assets.xcassets; sourceTree = "<group>"; };
		F44FDCAE20D7CD8D0085C589 /* Base */ = {isa = PBXFileReference; lastKnownFileType = file.storyboard; name = Base; path = Base.lproj/LaunchScreen.storyboard; sourceTree = "<group>"; };
		F44FDCB020D7CD8D0085C589 /* Info.plist */ = {isa = PBXFileReference; lastKnownFileType = text.plist.xml; path = Info.plist; sourceTree = "<group>"; };
		F44FDCB620D8F98E0085C589 /* Board.swift */ = {isa = PBXFileReference; lastKnownFileType = sourcecode.swift; path = Board.swift; sourceTree = "<group>"; };
		F44FDCB820D923970085C589 /* Player.swift */ = {isa = PBXFileReference; lastKnownFileType = sourcecode.swift; path = Player.swift; sourceTree = "<group>"; };
		F4F9A97820DA5A370072DA01 /* Move.swift */ = {isa = PBXFileReference; lastKnownFileType = sourcecode.swift; path = Move.swift; sourceTree = "<group>"; };
/* End PBXFileReference section */

/* Begin PBXFrameworksBuildPhase section */
		F44FDC9E20D7CD8B0085C589 /* Frameworks */ = {
			isa = PBXFrameworksBuildPhase;
			buildActionMask = 2147483647;
			files = (
			);
			runOnlyForDeploymentPostprocessing = 0;
		};
/* End PBXFrameworksBuildPhase section */

/* Begin PBXGroup section */
		F44FDC9820D7CD8B0085C589 = {
			isa = PBXGroup;
			children = (
				F44FDCA320D7CD8B0085C589 /* Four in a Row */,
				F44FDCA220D7CD8B0085C589 /* Products */,
			);
			sourceTree = "<group>";
		};
		F44FDCA220D7CD8B0085C589 /* Products */ = {
			isa = PBXGroup;
			children = (
				F44FDCA120D7CD8B0085C589 /* Four in a Row.app */,
			);
			name = Products;
			sourceTree = "<group>";
		};
		F44FDCA320D7CD8B0085C589 /* Four in a Row */ = {
			isa = PBXGroup;
			children = (
				F44FDCA420D7CD8B0085C589 /* AppDelegate.swift */,
				F44FDCA620D7CD8B0085C589 /* ViewController.swift */,
				F44FDCA820D7CD8B0085C589 /* Main.storyboard */,
				F44FDCB820D923970085C589 /* Player.swift */,
				F44FDCB620D8F98E0085C589 /* Board.swift */,
				F4F9A97820DA5A370072DA01 /* Move.swift */,
				F44FDCAB20D7CD8D0085C589 /* Assets.xcassets */,
				F44FDCAD20D7CD8D0085C589 /* LaunchScreen.storyboard */,
				F44FDCB020D7CD8D0085C589 /* Info.plist */,
			);
			path = "Four in a Row";
			sourceTree = "<group>";
		};
/* End PBXGroup section */

/* Begin PBXNativeTarget section */
		F44FDCA020D7CD8B0085C589 /* Four in a Row */ = {
			isa = PBXNativeTarget;
			buildConfigurationList = F44FDCB320D7CD8D0085C589 /* Build configuration list for PBXNativeTarget "Four in a Row" */;
			buildPhases = (
				F44FDC9D20D7CD8B0085C589 /* Sources */,
				F44FDC9E20D7CD8B0085C589 /* Frameworks */,
				F44FDC9F20D7CD8B0085C589 /* Resources */,
			);
			buildRules = (
			);
			dependencies = (
			);
			name = "Four in a Row";
			productName = "Four in a Row";
			productReference = F44FDCA120D7CD8B0085C589 /* Four in a Row.app */;
			productType = "com.apple.product-type.application";
		};
/* End PBXNativeTarget section */

/* Begin PBXProject section */
		F44FDC9920D7CD8B0085C589 /* Project object */ = {
			isa = PBXProject;
			attributes = {
				LastSwiftUpdateCheck = 0940;
				LastUpgradeCheck = 0940;
				ORGANIZATIONNAME = LyfeBug;
				TargetAttributes = {
					F44FDCA020D7CD8B0085C589 = {
						CreatedOnToolsVersion = 9.4.1;
						LastSwiftMigration = 1010;
					};
				};
			};
			buildConfigurationList = F44FDC9C20D7CD8B0085C589 /* Build configuration list for PBXProject "Four in a Row" */;
			compatibilityVersion = "Xcode 9.3";
			developmentRegion = en;
			hasScannedForEncodings = 0;
			knownRegions = (
				en,
				Base,
			);
			mainGroup = F44FDC9820D7CD8B0085C589;
			productRefGroup = F44FDCA220D7CD8B0085C589 /* Products */;
			projectDirPath = "";
			projectRoot = "";
			targets = (
				F44FDCA020D7CD8B0085C589 /* Four in a Row */,
			);
		};
/* End PBXProject section */

/* Begin PBXResourcesBuildPhase section */
		F44FDC9F20D7CD8B0085C589 /* Resources */ = {
			isa = PBXResourcesBuildPhase;
			buildActionMask = 2147483647;
			files = (
				F44FDCAF20D7CD8D0085C589 /* LaunchScreen.storyboard in Resources */,
				F44FDCAC20D7CD8D0085C589 /* Assets.xcassets in Resources */,
				F44FDCAA20D7CD8B0085C589 /* Main.storyboard in Resources */,
			);
			runOnlyForDeploymentPostprocessing = 0;
		};
/* End PBXResourcesBuildPhase section */

/* Begin PBXSourcesBuildPhase section */
		F44FDC9D20D7CD8B0085C589 /* Sources */ = {
			isa = PBXSourcesBuildPhase;
			buildActionMask = 2147483647;
			files = (
				F4F9A97920DA5A370072DA01 /* Move.swift in Sources */,
				F44FDCB920D923970085C589 /* Player.swift in Sources */,
				F44FDCA720D7CD8B0085C589 /* ViewController.swift in Sources */,
				F44FDCA520D7CD8B0085C589 /* AppDelegate.swift in Sources */,
				F44FDCB720D8F98E0085C589 /* Board.swift in Sources */,
			);
			runOnlyForDeploymentPostprocessing = 0;
		};
/* End PBXSourcesBuildPhase section */

/* Begin PBXVariantGroup section */
		F44FDCA820D7CD8B0085C589 /* Main.storyboard */ = {
			isa = PBXVariantGroup;
			children = (
				F44FDCA920D7CD8B0085C589 /* Base */,
			);
			name = Main.storyboard;
			sourceTree = "<group>";
		};
		F44FDCAD20D7CD8D0085C589 /* LaunchScreen.storyboard */ = {
			isa = PBXVariantGroup;
			children = (
				F44FDCAE20D7CD8D0085C589 /* Base */,
			);
			name = LaunchScreen.storyboard;
			sourceTree = "<group>";
		};
/* End PBXVariantGroup section */

/* Begin XCBuildConfiguration section */
		F44FDCB120D7CD8D0085C589 /* Debug */ = {
			isa = XCBuildConfiguration;
			buildSettings = {
				ALWAYS_SEARCH_USER_PATHS = NO;
				CLANG_ANALYZER_NONNULL = YES;
				CLANG_ANALYZER_NUMBER_OBJECT_CONVERSION = YES_AGGRESSIVE;
				CLANG_CXX_LANGUAGE_STANDARD = "gnu++14";
				CLANG_CXX_LIBRARY = "libc++";
				CLANG_ENABLE_MODULES = YES;
				CLANG_ENABLE_OBJC_ARC = YES;
				CLANG_ENABLE_OBJC_WEAK = YES;
				CLANG_WARN_BLOCK_CAPTURE_AUTORELEASING = YES;
				CLANG_WARN_BOOL_CONVERSION = YES;
				CLANG_WARN_COMMA = YES;
				CLANG_WARN_CONSTANT_CONVERSION = YES;
				CLANG_WARN_DEPRECATED_OBJC_IMPLEMENTATIONS = YES;
				CLANG_WARN_DIRECT_OBJC_ISA_USAGE = YES_ERROR;
				CLANG_WARN_DOCUMENTATION_COMMENTS = YES;
				CLANG_WARN_EMPTY_BODY = YES;
				CLANG_WARN_ENUM_CONVERSION = YES;
				CLANG_WARN_INFINITE_RECURSION = YES;
				CLANG_WARN_INT_CONVERSION = YES;
				CLANG_WARN_NON_LITERAL_NULL_CONVERSION = YES;
				CLANG_WARN_OBJC_IMPLICIT_RETAIN_SELF = YES;
				CLANG_WARN_OBJC_LITERAL_CONVERSION = YES;
				CLANG_WARN_OBJC_ROOT_CLASS = YES_ERROR;
				CLANG_WARN_RANGE_LOOP_ANALYSIS = YES;
				CLANG_WARN_STRICT_PROTOTYPES = YES;
				CLANG_WARN_SUSPICIOUS_MOVE = YES;
				CLANG_WARN_UNGUARDED_AVAILABILITY = YES_AGGRESSIVE;
				CLANG_WARN_UNREACHABLE_CODE = YES;
				CLANG_WARN__DUPLICATE_METHOD_MATCH = YES;
				CODE_SIGN_IDENTITY = "iPhone Developer";
				COPY_PHASE_STRIP = NO;
				DEBUG_INFORMATION_FORMAT = dwarf;
				ENABLE_STRICT_OBJC_MSGSEND = YES;
				ENABLE_TESTABILITY = YES;
				GCC_C_LANGUAGE_STANDARD = gnu11;
				GCC_DYNAMIC_NO_PIC = NO;
				GCC_NO_COMMON_BLOCKS = YES;
				GCC_OPTIMIZATION_LEVEL = 0;
				GCC_PREPROCESSOR_DEFINITIONS = (
					"DEBUG=1",
					"$(inherited)",
				);
				GCC_WARN_64_TO_32_BIT_CONVERSION = YES;
				GCC_WARN_ABOUT_RETURN_TYPE = YES_ERROR;
				GCC_WARN_UNDECLARED_SELECTOR = YES;
				GCC_WARN_UNINITIALIZED_AUTOS = YES_AGGRESSIVE;
				GCC_WARN_UNUSED_FUNCTION = YES;
				GCC_WARN_UNUSED_VARIABLE = YES;
				IPHONEOS_DEPLOYMENT_TARGET = 11.4;
				MTL_ENABLE_DEBUG_INFO = YES;
				ONLY_ACTIVE_ARCH = YES;
				SDKROOT = iphoneos;
				SWIFT_ACTIVE_COMPILATION_CONDITIONS = DEBUG;
				SWIFT_OPTIMIZATION_LEVEL = "-Onone";
			};
			name = Debug;
		};
		F44FDCB220D7CD8D0085C589 /* Release */ = {
			isa = XCBuildConfiguration;
			buildSettings = {
				ALWAYS_SEARCH_USER_PATHS = NO;
				CLANG_ANALYZER_NONNULL = YES;
				CLANG_ANALYZER_NUMBER_OBJECT_CONVERSION = YES_AGGRESSIVE;
				CLANG_CXX_LANGUAGE_STANDARD = "gnu++14";
				CLANG_CXX_LIBRARY = "libc++";
				CLANG_ENABLE_MODULES = YES;
				CLANG_ENABLE_OBJC_ARC = YES;
				CLANG_ENABLE_OBJC_WEAK = YES;
				CLANG_WARN_BLOCK_CAPTURE_AUTORELEASING = YES;
				CLANG_WARN_BOOL_CONVERSION = YES;
				CLANG_WARN_COMMA = YES;
				CLANG_WARN_CONSTANT_CONVERSION = YES;
				CLANG_WARN_DEPRECATED_OBJC_IMPLEMENTATIONS = YES;
				CLANG_WARN_DIRECT_OBJC_ISA_USAGE = YES_ERROR;
				CLANG_WARN_DOCUMENTATION_COMMENTS = YES;
				CLANG_WARN_EMPTY_BODY = YES;
				CLANG_WARN_ENUM_CONVERSION = YES;
				CLANG_WARN_INFINITE_RECURSION = YES;
				CLANG_WARN_INT_CONVERSION = YES;
				CLANG_WARN_NON_LITERAL_NULL_CONVERSION = YES;
				CLANG_WARN_OBJC_IMPLICIT_RETAIN_SELF = YES;
				CLANG_WARN_OBJC_LITERAL_CONVERSION = YES;
				CLANG_WARN_OBJC_ROOT_CLASS = YES_ERROR;
				CLANG_WARN_RANGE_LOOP_ANALYSIS = YES;
				CLANG_WARN_STRICT_PROTOTYPES = YES;
				CLANG_WARN_SUSPICIOUS_MOVE = YES;
				CLANG_WARN_UNGUARDED_AVAILABILITY = YES_AGGRESSIVE;
				CLANG_WARN_UNREACHABLE_CODE = YES;
				CLANG_WARN__DUPLICATE_METHOD_MATCH = YES;
				CODE_SIGN_IDENTITY = "iPhone Developer";
				COPY_PHASE_STRIP = NO;
				DEBUG_INFORMATION_FORMAT = "dwarf-with-dsym";
				ENABLE_NS_ASSERTIONS = NO;
				ENABLE_STRICT_OBJC_MSGSEND = YES;
				GCC_C_LANGUAGE_STANDARD = gnu11;
				GCC_NO_COMMON_BLOCKS = YES;
				GCC_WARN_64_TO_32_BIT_CONVERSION = YES;
				GCC_WARN_ABOUT_RETURN_TYPE = YES_ERROR;
				GCC_WARN_UNDECLARED_SELECTOR = YES;
				GCC_WARN_UNINITIALIZED_AUTOS = YES_AGGRESSIVE;
				GCC_WARN_UNUSED_FUNCTION = YES;
				GCC_WARN_UNUSED_VARIABLE = YES;
				IPHONEOS_DEPLOYMENT_TARGET = 11.4;
				MTL_ENABLE_DEBUG_INFO = NO;
				SDKROOT = iphoneos;
				SWIFT_COMPILATION_MODE = wholemodule;
				SWIFT_OPTIMIZATION_LEVEL = "-O";
				VALIDATE_PRODUCT = YES;
			};
			name = Release;
		};
		F44FDCB420D7CD8D0085C589 /* Debug */ = {
			isa = XCBuildConfiguration;
			buildSettings = {
				ASSETCATALOG_COMPILER_APPICON_NAME = AppIcon;
				CODE_SIGN_STYLE = Automatic;
				DEVELOPMENT_TEAM = L3F6RMQTHU;
				INFOPLIST_FILE = "Four in a Row/Info.plist";
				LD_RUNPATH_SEARCH_PATHS = (
					"$(inherited)",
					"@executable_path/Frameworks",
				);
				PRODUCT_BUNDLE_IDENTIFIER = "com.LyfeBug.Four-in-a-Row";
				PRODUCT_NAME = "$(TARGET_NAME)";
				SWIFT_VERSION = 4.2;
				TARGETED_DEVICE_FAMILY = 2;
			};
			name = Debug;
		};
		F44FDCB520D7CD8D0085C589 /* Release */ = {
			isa = XCBuildConfiguration;
			buildSettings = {
				ASSETCATALOG_COMPILER_APPICON_NAME = AppIcon;
				CODE_SIGN_STYLE = Automatic;
				DEVELOPMENT_TEAM = L3F6RMQTHU;
				INFOPLIST_FILE = "Four in a Row/Info.plist";
				LD_RUNPATH_SEARCH_PATHS = (
					"$(inherited)",
					"@executable_path/Frameworks",
				);
				PRODUCT_BUNDLE_IDENTIFIER = "com.LyfeBug.Four-in-a-Row";
				PRODUCT_NAME = "$(TARGET_NAME)";
				SWIFT_VERSION = 4.2;
				TARGETED_DEVICE_FAMILY = 2;
			};
			name = Release;
		};
/* End XCBuildConfiguration section */

/* Begin XCConfigurationList section */
		F44FDC9C20D7CD8B0085C589 /* Build configuration list for PBXProject "Four in a Row" */ = {
			isa = XCConfigurationList;
			buildConfigurations = (
				F44FDCB120D7CD8D0085C589 /* Debug */,
				F44FDCB220D7CD8D0085C589 /* Release */,
			);
			defaultConfigurationIsVisible = 0;
			defaultConfigurationName = Release;
		};
		F44FDCB320D7CD8D0085C589 /* Build configuration list for PBXNativeTarget "Four in a Row" */ = {
			isa = XCConfigurationList;
			buildConfigurations = (
				F44FDCB420D7CD8D0085C589 /* Debug */,
				F44FDCB520D7CD8D0085C589 /* Release */,
			);
			defaultConfigurationIsVisible = 0;
			defaultConfigurationName = Release;
		};
/* End XCConfigurationList section */
	};
	rootObject = F44FDC9920D7CD8B0085C589 /* Project object */;
}
