// !$*UTF8*$!
{
	archiveVersion = 1;
	classes = {
	};
	objectVersion = 50;
	objects = {

/* Begin PBXBuildFile section */
		F4203DD320CA9E9D001C6DCC /* AppDelegate.swift in Sources */ = {isa = PBXBuildFile; fileRef = F4203DD220CA9E9D001C6DCC /* AppDelegate.swift */; };
		F4203DD520CA9E9D001C6DCC /* ViewController.swift in Sources */ = {isa = PBXBuildFile; fileRef = F4203DD420CA9E9D001C6DCC /* ViewController.swift */; };
		F4203DD820CA9E9D001C6DCC /* Main.storyboard in Resources */ = {isa = PBXBuildFile; fileRef = F4203DD620CA9E9D001C6DCC /* Main.storyboard */; };
		F4203DDA20CA9E9E001C6DCC /* Assets.xcassets in Resources */ = {isa = PBXBuildFile; fileRef = F4203DD920CA9E9E001C6DCC /* Assets.xcassets */; };
		F4203DDD20CA9E9E001C6DCC /* LaunchScreen.storyboard in Resources */ = {isa = PBXBuildFile; fileRef = F4203DDB20CA9E9E001C6DCC /* LaunchScreen.storyboard */; };
/* End PBXBuildFile section */

/* Begin PBXFileReference section */
		F4203DCF20CA9E9D001C6DCC /* Selfie Share.app */ = {isa = PBXFileReference; explicitFileType = wrapper.application; includeInIndex = 0; path = "Selfie Share.app"; sourceTree = BUILT_PRODUCTS_DIR; };
		F4203DD220CA9E9D001C6DCC /* AppDelegate.swift */ = {isa = PBXFileReference; lastKnownFileType = sourcecode.swift; path = AppDelegate.swift; sourceTree = "<group>"; };
		F4203DD420CA9E9D001C6DCC /* ViewController.swift */ = {isa = PBXFileReference; lastKnownFileType = sourcecode.swift; path = ViewController.swift; sourceTree = "<group>"; };
		F4203DD720CA9E9D001C6DCC /* Base */ = {isa = PBXFileReference; lastKnownFileType = file.storyboard; name = Base; path = Base.lproj/Main.storyboard; sourceTree = "<group>"; };
		F4203DD920CA9E9E001C6DCC /* Assets.xcassets */ = {isa = PBXFileReference; lastKnownFileType = folder.assetcatalog; path = Assets.xcassets; sourceTree = "<group>"; };
		F4203DDC20CA9E9E001C6DCC /* Base */ = {isa = PBXFileReference; lastKnownFileType = file.storyboard; name = Base; path = Base.lproj/LaunchScreen.storyboard; sourceTree = "<group>"; };
		F4203DDE20CA9E9E001C6DCC /* Info.plist */ = {isa = PBXFileReference; lastKnownFileType = text.plist.xml; path = Info.plist; sourceTree = "<group>"; };
/* End PBXFileReference section */

/* Begin PBXFrameworksBuildPhase section */
		F4203DCC20CA9E9D001C6DCC /* Frameworks */ = {
			isa = PBXFrameworksBuildPhase;
			buildActionMask = 2147483647;
			files = (
			);
			runOnlyForDeploymentPostprocessing = 0;
		};
/* End PBXFrameworksBuildPhase section */

/* Begin PBXGroup section */
		F4203DC620CA9E9C001C6DCC = {
			isa = PBXGroup;
			children = (
				F4203DD120CA9E9D001C6DCC /* Selfie Share */,
				F4203DD020CA9E9D001C6DCC /* Products */,
			);
			sourceTree = "<group>";
		};
		F4203DD020CA9E9D001C6DCC /* Products */ = {
			isa = PBXGroup;
			children = (
				F4203DCF20CA9E9D001C6DCC /* Selfie Share.app */,
			);
			name = Products;
			sourceTree = "<group>";
		};
		F4203DD120CA9E9D001C6DCC /* Selfie Share */ = {
			isa = PBXGroup;
			children = (
				F4203DD220CA9E9D001C6DCC /* AppDelegate.swift */,
				F4203DD420CA9E9D001C6DCC /* ViewController.swift */,
				F4203DD620CA9E9D001C6DCC /* Main.storyboard */,
				F4203DD920CA9E9E001C6DCC /* Assets.xcassets */,
				F4203DDB20CA9E9E001C6DCC /* LaunchScreen.storyboard */,
				F4203DDE20CA9E9E001C6DCC /* Info.plist */,
			);
			path = "Selfie Share";
			sourceTree = "<group>";
		};
/* End PBXGroup section */

/* Begin PBXNativeTarget section */
		F4203DCE20CA9E9D001C6DCC /* Selfie Share */ = {
			isa = PBXNativeTarget;
			buildConfigurationList = F4203DE120CA9E9E001C6DCC /* Build configuration list for PBXNativeTarget "Selfie Share" */;
			buildPhases = (
				F4203DCB20CA9E9D001C6DCC /* Sources */,
				F4203DCC20CA9E9D001C6DCC /* Frameworks */,
				F4203DCD20CA9E9D001C6DCC /* Resources */,
			);
			buildRules = (
			);
			dependencies = (
			);
			name = "Selfie Share";
			productName = "Selfie Share";
			productReference = F4203DCF20CA9E9D001C6DCC /* Selfie Share.app */;
			productType = "com.apple.product-type.application";
		};
/* End PBXNativeTarget section */

/* Begin PBXProject section */
		F4203DC720CA9E9C001C6DCC /* Project object */ = {
			isa = PBXProject;
			attributes = {
				LastSwiftUpdateCheck = 1000;
				LastUpgradeCheck = 1000;
				ORGANIZATIONNAME = LyfeBug;
				TargetAttributes = {
					F4203DCE20CA9E9D001C6DCC = {
						CreatedOnToolsVersion = 10.0;
					};
				};
			};
			buildConfigurationList = F4203DCA20CA9E9C001C6DCC /* Build configuration list for PBXProject "Selfie Share" */;
			compatibilityVersion = "Xcode 9.3";
			developmentRegion = en;
			hasScannedForEncodings = 0;
			knownRegions = (
				en,
				Base,
			);
			mainGroup = F4203DC620CA9E9C001C6DCC;
			productRefGroup = F4203DD020CA9E9D001C6DCC /* Products */;
			projectDirPath = "";
			projectRoot = "";
			targets = (
				F4203DCE20CA9E9D001C6DCC /* Selfie Share */,
			);
		};
/* End PBXProject section */

/* Begin PBXResourcesBuildPhase section */
		F4203DCD20CA9E9D001C6DCC /* Resources */ = {
			isa = PBXResourcesBuildPhase;
			buildActionMask = 2147483647;
			files = (
				F4203DDD20CA9E9E001C6DCC /* LaunchScreen.storyboard in Resources */,
				F4203DDA20CA9E9E001C6DCC /* Assets.xcassets in Resources */,
				F4203DD820CA9E9D001C6DCC /* Main.storyboard in Resources */,
			);
			runOnlyForDeploymentPostprocessing = 0;
		};
/* End PBXResourcesBuildPhase section */

/* Begin PBXSourcesBuildPhase section */
		F4203DCB20CA9E9D001C6DCC /* Sources */ = {
			isa = PBXSourcesBuildPhase;
			buildActionMask = 2147483647;
			files = (
				F4203DD520CA9E9D001C6DCC /* ViewController.swift in Sources */,
				F4203DD320CA9E9D001C6DCC /* AppDelegate.swift in Sources */,
			);
			runOnlyForDeploymentPostprocessing = 0;
		};
/* End PBXSourcesBuildPhase section */

/* Begin PBXVariantGroup section */
		F4203DD620CA9E9D001C6DCC /* Main.storyboard */ = {
			isa = PBXVariantGroup;
			children = (
				F4203DD720CA9E9D001C6DCC /* Base */,
			);
			name = Main.storyboard;
			sourceTree = "<group>";
		};
		F4203DDB20CA9E9E001C6DCC /* LaunchScreen.storyboard */ = {
			isa = PBXVariantGroup;
			children = (
				F4203DDC20CA9E9E001C6DCC /* Base */,
			);
			name = LaunchScreen.storyboard;
			sourceTree = "<group>";
		};
/* End PBXVariantGroup section */

/* Begin XCBuildConfiguration section */
		F4203DDF20CA9E9E001C6DCC /* Debug */ = {
			isa = XCBuildConfiguration;
			buildSettings = {
				ALWAYS_SEARCH_USER_PATHS = NO;
				CLANG_ANALYZER_NONNULL = YES;
				CLANG_ANALYZER_NUMBER_OBJECT_CONVERSION = YES_AGGRESSIVE;
				CLANG_CXX_LANGUAGE_STANDARD = "gnu++14";
				CLANG_CXX_LIBRARY = "libc++";
				CLANG_ENABLE_MODULES = YES;
				CLANG_ENABLE_OBJC_ARC = YES;
				CLANG_ENABLE_OBJC_WEAK = YES;
				CLANG_WARN_BLOCK_CAPTURE_AUTORELEASING = YES;
				CLANG_WARN_BOOL_CONVERSION = YES;
				CLANG_WARN_COMMA = YES;
				CLANG_WARN_CONSTANT_CONVERSION = YES;
				CLANG_WARN_DEPRECATED_OBJC_IMPLEMENTATIONS = YES;
				CLANG_WARN_DIRECT_OBJC_ISA_USAGE = YES_ERROR;
				CLANG_WARN_DOCUMENTATION_COMMENTS = YES;
				CLANG_WARN_EMPTY_BODY = YES;
				CLANG_WARN_ENUM_CONVERSION = YES;
				CLANG_WARN_INFINITE_RECURSION = YES;
				CLANG_WARN_INT_CONVERSION = YES;
				CLANG_WARN_NON_LITERAL_NULL_CONVERSION = YES;
				CLANG_WARN_OBJC_IMPLICIT_RETAIN_SELF = YES;
				CLANG_WARN_OBJC_LITERAL_CONVERSION = YES;
				CLANG_WARN_OBJC_ROOT_CLASS = YES_ERROR;
				CLANG_WARN_RANGE_LOOP_ANALYSIS = YES;
				CLANG_WARN_STRICT_PROTOTYPES = YES;
				CLANG_WARN_SUSPICIOUS_MOVE = YES;
				CLANG_WARN_UNGUARDED_AVAILABILITY = YES_AGGRESSIVE;
				CLANG_WARN_UNREACHABLE_CODE = YES;
				CLANG_WARN__DUPLICATE_METHOD_MATCH = YES;
				CODE_SIGN_IDENTITY = "iPhone Developer";
				COPY_PHASE_STRIP = NO;
				DEBUG_INFORMATION_FORMAT = dwarf;
				ENABLE_STRICT_OBJC_MSGSEND = YES;
				ENABLE_TESTABILITY = YES;
				GCC_C_LANGUAGE_STANDARD = gnu11;
				GCC_DYNAMIC_NO_PIC = NO;
				GCC_NO_COMMON_BLOCKS = YES;
				GCC_OPTIMIZATION_LEVEL = 0;
				GCC_PREPROCESSOR_DEFINITIONS = (
					"DEBUG=1",
					"$(inherited)",
				);
				GCC_WARN_64_TO_32_BIT_CONVERSION = YES;
				GCC_WARN_ABOUT_RETURN_TYPE = YES_ERROR;
				GCC_WARN_UNDECLARED_SELECTOR = YES;
				GCC_WARN_UNINITIALIZED_AUTOS = YES_AGGRESSIVE;
				GCC_WARN_UNUSED_FUNCTION = YES;
				GCC_WARN_UNUSED_VARIABLE = YES;
				IPHONEOS_DEPLOYMENT_TARGET = 12.0;
				MTL_ENABLE_DEBUG_INFO = INCLUDE_SOURCE;
				ONLY_ACTIVE_ARCH = YES;
				SDKROOT = iphoneos;
				SWIFT_ACTIVE_COMPILATION_CONDITIONS = DEBUG;
				SWIFT_OPTIMIZATION_LEVEL = "-Onone";
			};
			name = Debug;
		};
		F4203DE020CA9E9E001C6DCC /* Release */ = {
			isa = XCBuildConfiguration;
			buildSettings = {
				ALWAYS_SEARCH_USER_PATHS = NO;
				CLANG_ANALYZER_NONNULL = YES;
				CLANG_ANALYZER_NUMBER_OBJECT_CONVERSION = YES_AGGRESSIVE;
				CLANG_CXX_LANGUAGE_STANDARD = "gnu++14";
				CLANG_CXX_LIBRARY = "libc++";
				CLANG_ENABLE_MODULES = YES;
				CLANG_ENABLE_OBJC_ARC = YES;
				CLANG_ENABLE_OBJC_WEAK = YES;
				CLANG_WARN_BLOCK_CAPTURE_AUTORELEASING = YES;
				CLANG_WARN_BOOL_CONVERSION = YES;
				CLANG_WARN_COMMA = YES;
				CLANG_WARN_CONSTANT_CONVERSION = YES;
				CLANG_WARN_DEPRECATED_OBJC_IMPLEMENTATIONS = YES;
				CLANG_WARN_DIRECT_OBJC_ISA_USAGE = YES_ERROR;
				CLANG_WARN_DOCUMENTATION_COMMENTS = YES;
				CLANG_WARN_EMPTY_BODY = YES;
				CLANG_WARN_ENUM_CONVERSION = YES;
				CLANG_WARN_INFINITE_RECURSION = YES;
				CLANG_WARN_INT_CONVERSION = YES;
				CLANG_WARN_NON_LITERAL_NULL_CONVERSION = YES;
				CLANG_WARN_OBJC_IMPLICIT_RETAIN_SELF = YES;
				CLANG_WARN_OBJC_LITERAL_CONVERSION = YES;
				CLANG_WARN_OBJC_ROOT_CLASS = YES_ERROR;
				CLANG_WARN_RANGE_LOOP_ANALYSIS = YES;
				CLANG_WARN_STRICT_PROTOTYPES = YES;
				CLANG_WARN_SUSPICIOUS_MOVE = YES;
				CLANG_WARN_UNGUARDED_AVAILABILITY = YES_AGGRESSIVE;
				CLANG_WARN_UNREACHABLE_CODE = YES;
				CLANG_WARN__DUPLICATE_METHOD_MATCH = YES;
				CODE_SIGN_IDENTITY = "iPhone Developer";
				COPY_PHASE_STRIP = NO;
				DEBUG_INFORMATION_FORMAT = "dwarf-with-dsym";
				ENABLE_NS_ASSERTIONS = NO;
				ENABLE_STRICT_OBJC_MSGSEND = YES;
				GCC_C_LANGUAGE_STANDARD = gnu11;
				GCC_NO_COMMON_BLOCKS = YES;
				GCC_WARN_64_TO_32_BIT_CONVERSION = YES;
				GCC_WARN_ABOUT_RETURN_TYPE = YES_ERROR;
				GCC_WARN_UNDECLARED_SELECTOR = YES;
				GCC_WARN_UNINITIALIZED_AUTOS = YES_AGGRESSIVE;
				GCC_WARN_UNUSED_FUNCTION = YES;
				GCC_WARN_UNUSED_VARIABLE = YES;
				IPHONEOS_DEPLOYMENT_TARGET = 12.0;
				MTL_ENABLE_DEBUG_INFO = NO;
				SDKROOT = iphoneos;
				SWIFT_COMPILATION_MODE = wholemodule;
				SWIFT_OPTIMIZATION_LEVEL = "-O";
				VALIDATE_PRODUCT = YES;
			};
			name = Release;
		};
		F4203DE220CA9E9E001C6DCC /* Debug */ = {
			isa = XCBuildConfiguration;
			buildSettings = {
				ASSETCATALOG_COMPILER_APPICON_NAME = AppIcon;
				CODE_SIGN_STYLE = Automatic;
				DEVELOPMENT_TEAM = L3F6RMQTHU;
				INFOPLIST_FILE = "Selfie Share/Info.plist";
				IPHONEOS_DEPLOYMENT_TARGET = 12.0;
				LD_RUNPATH_SEARCH_PATHS = (
					"$(inherited)",
					"@executable_path/Frameworks",
				);
				PRODUCT_BUNDLE_IDENTIFIER = "com.LyfeBug.Selfie-Share";
				PRODUCT_NAME = "$(TARGET_NAME)";
				SWIFT_VERSION = 4.2;
				TARGETED_DEVICE_FAMILY = "1,2";
			};
			name = Debug;
		};
		F4203DE320CA9E9E001C6DCC /* Release */ = {
			isa = XCBuildConfiguration;
			buildSettings = {
				ASSETCATALOG_COMPILER_APPICON_NAME = AppIcon;
				CODE_SIGN_STYLE = Automatic;
				DEVELOPMENT_TEAM = L3F6RMQTHU;
				INFOPLIST_FILE = "Selfie Share/Info.plist";
				IPHONEOS_DEPLOYMENT_TARGET = 12.0;
				LD_RUNPATH_SEARCH_PATHS = (
					"$(inherited)",
					"@executable_path/Frameworks",
				);
				PRODUCT_BUNDLE_IDENTIFIER = "com.LyfeBug.Selfie-Share";
				PRODUCT_NAME = "$(TARGET_NAME)";
				SWIFT_VERSION = 4.2;
				TARGETED_DEVICE_FAMILY = "1,2";
			};
			name = Release;
		};
/* End XCBuildConfiguration section */

/* Begin XCConfigurationList section */
		F4203DCA20CA9E9C001C6DCC /* Build configuration list for PBXProject "Selfie Share" */ = {
			isa = XCConfigurationList;
			buildConfigurations = (
				F4203DDF20CA9E9E001C6DCC /* Debug */,
				F4203DE020CA9E9E001C6DCC /* Release */,
			);
			defaultConfigurationIsVisible = 0;
			defaultConfigurationName = Release;
		};
		F4203DE120CA9E9E001C6DCC /* Build configuration list for PBXNativeTarget "Selfie Share" */ = {
			isa = XCConfigurationList;
			buildConfigurations = (
				F4203DE220CA9E9E001C6DCC /* Debug */,
				F4203DE320CA9E9E001C6DCC /* Release */,
			);
			defaultConfigurationIsVisible = 0;
			defaultConfigurationName = Release;
		};
/* End XCConfigurationList section */
	};
	rootObject = F4203DC720CA9E9C001C6DCC /* Project object */;
}
